{
    "_readme": [
        "This file locks the dependencies of your project to a known state",
        "Read more about it at http://getcomposer.org/doc/01-basic-usage.md#composer-lock-the-lock-file"
    ],
    "hash": "f746595285c1c97fa7f44428720e05a7",
    "packages": [
        {
            "name": "voce/grunt-composer-test",
            "version": "0.1.0",
            "dist": {
                "type": "zip",
                "url": "/Users/prettyboymp/projects/grunt-composer/test/fixtures/voce-grunt-composer-test.0.1.0.zip",
                "reference": "voce-grunt-composer-test.0.1.0.zip",
                "shasum": "630135aa7fb68a97631a066b02c2ebd3342f9b45"
            },
            "type": "library",
            "authors": [
                {
                    "name": "Michael Pretty",
                    "email": "mpretty@voceconnect.com"
                }
            ],
            "description": "Tests repo"
        }
    ],
    "packages-dev": [

    ],
    "aliases": [

    ],
    "minimum-stability": "stable",
    "stability-flags": [

    ],
    "platform": [

    ],
    "platform-dev": [

    ]
}
